
Microsoft Visual Studio Solution File, Format Version 12.00
# Visual Studio Version 17
VisualStudioVersion = 17.3.32825.248
MinimumVisualStudioVersion = 10.0.40219.1
Project("{FAE04EC0-301F-11D3-BF4B-00C04F79EFBC}") = "OnlineStore", "OnlineStore\OnlineStore.csproj", "{D35FE5C0-6F68-4093-8455-1A15CB6F8B58}"
EndProject
Global
	GlobalSection(SolutionConfigurationPlatforms) = preSolution
		Debug|Any CPU = Debug|Any CPU
		Release|Any CPU = Release|Any CPU
	EndGlobalSection
	GlobalSection(ProjectConfigurationPlatforms) = postSolution
		{D35FE5C0-6F68-4093-8455-1A15CB6F8B58}.Debug|Any CPU.ActiveCfg = Debug|Any CPU
		{D35FE5C0-6F68-4093-8455-1A15CB6F8B58}.Debug|Any CPU.Build.0 = Debug|Any CPU
		{D35FE5C0-6F68-4093-8455-1A15CB6F8B58}.Release|Any CPU.ActiveCfg = Release|Any CPU
		{D35FE5C0-6F68-4093-8455-1A15CB6F8B58}.Release|Any CPU.Build.0 = Release|Any CPU
	EndGlobalSection
	GlobalSection(SolutionProperties) = preSolution
		HideSolutionNode = FALSE
	EndGlobalSection
	GlobalSection(ExtensibilityGlobals) = postSolution
		SolutionGuid = {B7961383-FD00-4CF5-AF84-998EA7309152}
	EndGlobalSection
EndGlobal
